
Microsoft Visual Studio Solution File, Format Version 12.00
# Visual Studio 2013
VisualStudioVersion = 12.0.21005.1
MinimumVisualStudioVersion = 10.0.40219.1
Project("{FAE04EC0-301F-11D3-BF4B-00C04F79EFBC}") = "FLVExtract", "FLVExtract.csproj", "{242DA094-9B9E-4F1B-B423-36B2D1E34BD5}"
EndProject
Project("{FAE04EC0-301F-11D3-BF4B-00C04F79EFBC}") = "FLVExtractCL", "FLVExtractCL\FLVExtractCL.csproj", "{58758479-E7D1-4B9B-AAA6-2532A2A26BC1}"
EndProject
Global
	GlobalSection(SolutionConfigurationPlatforms) = preSolution
		Debug|Any CPU = Debug|Any CPU
		Release|Any CPU = Release|Any CPU
	EndGlobalSection
	GlobalSection(ProjectConfigurationPlatforms) = postSolution
		{242DA094-9B9E-4F1B-B423-36B2D1E34BD5}.Debug|Any CPU.ActiveCfg = Debug|Any CPU
		{242DA094-9B9E-4F1B-B423-36B2D1E34BD5}.Debug|Any CPU.Build.0 = Debug|Any CPU
		{242DA094-9B9E-4F1B-B423-36B2D1E34BD5}.Release|Any CPU.ActiveCfg = Release|Any CPU
		{242DA094-9B9E-4F1B-B423-36B2D1E34BD5}.Release|Any CPU.Build.0 = Release|Any CPU
		{58758479-E7D1-4B9B-AAA6-2532A2A26BC1}.Debug|Any CPU.ActiveCfg = Debug|Any CPU
		{58758479-E7D1-4B9B-AAA6-2532A2A26BC1}.Debug|Any CPU.Build.0 = Debug|Any CPU
		{58758479-E7D1-4B9B-AAA6-2532A2A26BC1}.Release|Any CPU.ActiveCfg = Release|Any CPU
		{58758479-E7D1-4B9B-AAA6-2532A2A26BC1}.Release|Any CPU.Build.0 = Release|Any CPU
	EndGlobalSection
	GlobalSection(SolutionProperties) = preSolution
		HideSolutionNode = FALSE
	EndGlobalSection
EndGlobal
